
Microsoft Visual Studio Solution File, Format Version 12.00
# Visual Studio 15
VisualStudioVersion = 15.0.27130.2027
MinimumVisualStudioVersion = 10.0.40219.1
Project("{FAE04EC0-301F-11D3-BF4B-00C04F79EFBC}") = "Exams", "Exams\Exams.csproj", "{4914EE81-DF83-4A6C-84EB-64B6BA4341E4}"
EndProject
Global
	GlobalSection(SolutionConfigurationPlatforms) = preSolution
		Debug|Any CPU = Debug|Any CPU
		Release|Any CPU = Release|Any CPU
	EndGlobalSection
	GlobalSection(ProjectConfigurationPlatforms) = postSolution
		{4914EE81-DF83-4A6C-84EB-64B6BA4341E4}.Debug|Any CPU.ActiveCfg = Debug|Any CPU
		{4914EE81-DF83-4A6C-84EB-64B6BA4341E4}.Debug|Any CPU.Build.0 = Debug|Any CPU
		{4914EE81-DF83-4A6C-84EB-64B6BA4341E4}.Release|Any CPU.ActiveCfg = Release|Any CPU
		{4914EE81-DF83-4A6C-84EB-64B6BA4341E4}.Release|Any CPU.Build.0 = Release|Any CPU
	EndGlobalSection
	GlobalSection(SolutionProperties) = preSolution
		HideSolutionNode = FALSE
	EndGlobalSection
	GlobalSection(ExtensibilityGlobals) = postSolution
		SolutionGuid = {CF04E3C1-FE49-476C-ABA8-79172AEC34D2}
	EndGlobalSection
EndGlobal
